
Microsoft Visual Studio Solution File, Format Version 12.00
# Visual Studio Version 16
VisualStudioVersion = 16.0.29418.71
MinimumVisualStudioVersion = 10.0.40219.1
Project("{FAE04EC0-301F-11D3-BF4B-00C04F79EFBC}") = "MoveGame", "MoveGame\MoveGame.csproj", "{C0C45D0B-15FB-45EC-8422-88AFB468CBD3}"
EndProject
Global
	GlobalSection(SolutionConfigurationPlatforms) = preSolution
		Debug|Any CPU = Debug|Any CPU
		Release|Any CPU = Release|Any CPU
	EndGlobalSection
	GlobalSection(ProjectConfigurationPlatforms) = postSolution
		{C0C45D0B-15FB-45EC-8422-88AFB468CBD3}.Debug|Any CPU.ActiveCfg = Debug|Any CPU
		{C0C45D0B-15FB-45EC-8422-88AFB468CBD3}.Debug|Any CPU.Build.0 = Debug|Any CPU
		{C0C45D0B-15FB-45EC-8422-88AFB468CBD3}.Release|Any CPU.ActiveCfg = Release|Any CPU
		{C0C45D0B-15FB-45EC-8422-88AFB468CBD3}.Release|Any CPU.Build.0 = Release|Any CPU
	EndGlobalSection
	GlobalSection(SolutionProperties) = preSolution
		HideSolutionNode = FALSE
	EndGlobalSection
	GlobalSection(ExtensibilityGlobals) = postSolution
		SolutionGuid = {D1ED44EF-E028-4A91-9E88-805E59412C3E}
	EndGlobalSection
EndGlobal
